// !$*UTF8*$!
{
	archiveVersion = 1;
	classes = {
	};
	objectVersion = 46;
	objects = {

/* Begin PBXBuildFile section */
		7369D90A1DA11C88006876EB /* AppDelegate.swift in Sources */ = {isa = PBXBuildFile; fileRef = 7369D9091DA11C88006876EB /* AppDelegate.swift */; };
		7369D90C1DA11C88006876EB /* ViewController.swift in Sources */ = {isa = PBXBuildFile; fileRef = 7369D90B1DA11C88006876EB /* ViewController.swift */; };
		7369D90F1DA11C88006876EB /* Main.storyboard in Resources */ = {isa = PBXBuildFile; fileRef = 7369D90D1DA11C88006876EB /* Main.storyboard */; };
		7369D9111DA11C88006876EB /* Assets.xcassets in Resources */ = {isa = PBXBuildFile; fileRef = 7369D9101DA11C88006876EB /* Assets.xcassets */; };
		7369D9141DA11C88006876EB /* LaunchScreen.storyboard in Resources */ = {isa = PBXBuildFile; fileRef = 7369D9121DA11C88006876EB /* LaunchScreen.storyboard */; };
		7369D91D1DA11DD5006876EB /* MapKit.framework in Frameworks */ = {isa = PBXBuildFile; fileRef = 7369D91C1DA11DD5006876EB /* MapKit.framework */; };
/* End PBXBuildFile section */

/* Begin PBXFileReference section */
		7369D9061DA11C88006876EB /* Where Was I.app */ = {isa = PBXFileReference; explicitFileType = wrapper.application; includeInIndex = 0; path = "Where Was I.app"; sourceTree = BUILT_PRODUCTS_DIR; };
		7369D9091DA11C88006876EB /* AppDelegate.swift */ = {isa = PBXFileReference; lastKnownFileType = sourcecode.swift; path = AppDelegate.swift; sourceTree = "<group>"; };
		7369D90B1DA11C88006876EB /* ViewController.swift */ = {isa = PBXFileReference; lastKnownFileType = sourcecode.swift; path = ViewController.swift; sourceTree = "<group>"; };
		7369D90E1DA11C88006876EB /* Base */ = {isa = PBXFileReference; lastKnownFileType = file.storyboard; name = Base; path = Base.lproj/Main.storyboard; sourceTree = "<group>"; };
		7369D9101DA11C88006876EB /* Assets.xcassets */ = {isa = PBXFileReference; lastKnownFileType = folder.assetcatalog; path = Assets.xcassets; sourceTree = "<group>"; };
		7369D9131DA11C88006876EB /* Base */ = {isa = PBXFileReference; lastKnownFileType = file.storyboard; name = Base; path = Base.lproj/LaunchScreen.storyboard; sourceTree = "<group>"; };
		7369D9151DA11C88006876EB /* Info.plist */ = {isa = PBXFileReference; lastKnownFileType = text.plist.xml; path = Info.plist; sourceTree = "<group>"; };
		7369D91C1DA11DD5006876EB /* MapKit.framework */ = {isa = PBXFileReference; lastKnownFileType = wrapper.framework; name = MapKit.framework; path = System/Library/Frameworks/MapKit.framework; sourceTree = SDKROOT; };
/* End PBXFileReference section */

/* Begin PBXFrameworksBuildPhase section */
		7369D9031DA11C88006876EB /* Frameworks */ = {
			isa = PBXFrameworksBuildPhase;
			buildActionMask = 2147483647;
			files = (
				7369D91D1DA11DD5006876EB /* MapKit.framework in Frameworks */,
			);
			runOnlyForDeploymentPostprocessing = 0;
		};
/* End PBXFrameworksBuildPhase section */

/* Begin PBXGroup section */
		7369D8FD1DA11C88006876EB = {
			isa = PBXGroup;
			children = (
				7369D9081DA11C88006876EB /* Where Was I */,
				7369D9071DA11C88006876EB /* Products */,
				7369D91B1DA11DD5006876EB /* Frameworks */,
			);
			sourceTree = "<group>";
		};
		7369D9071DA11C88006876EB /* Products */ = {
			isa = PBXGroup;
			children = (
				7369D9061DA11C88006876EB /* Where Was I.app */,
			);
			name = Products;
			sourceTree = "<group>";
		};
		7369D9081DA11C88006876EB /* Where Was I */ = {
			isa = PBXGroup;
			children = (
				7369D9091DA11C88006876EB /* AppDelegate.swift */,
				7369D90B1DA11C88006876EB /* ViewController.swift */,
				7369D90D1DA11C88006876EB /* Main.storyboard */,
				7369D9101DA11C88006876EB /* Assets.xcassets */,
				7369D9121DA11C88006876EB /* LaunchScreen.storyboard */,
				7369D9151DA11C88006876EB /* Info.plist */,
			);
			path = "Where Was I";
			sourceTree = "<group>";
		};
		7369D91B1DA11DD5006876EB /* Frameworks */ = {
			isa = PBXGroup;
			children = (
				7369D91C1DA11DD5006876EB /* MapKit.framework */,
			);
			name = Frameworks;
			sourceTree = "<group>";
		};
/* End PBXGroup section */

/* Begin PBXNativeTarget section */
		7369D9051DA11C88006876EB /* Where Was I */ = {
			isa = PBXNativeTarget;
			buildConfigurationList = 7369D9181DA11C88006876EB /* Build configuration list for PBXNativeTarget "Where Was I" */;
			buildPhases = (
				7369D9021DA11C88006876EB /* Sources */,
				7369D9031DA11C88006876EB /* Frameworks */,
				7369D9041DA11C88006876EB /* Resources */,
			);
			buildRules = (
			);
			dependencies = (
			);
			name = "Where Was I";
			productName = "Where Was I";
			productReference = 7369D9061DA11C88006876EB /* Where Was I.app */;
			productType = "com.apple.product-type.application";
		};
/* End PBXNativeTarget section */

/* Begin PBXProject section */
		7369D8FE1DA11C88006876EB /* Project object */ = {
			isa = PBXProject;
			attributes = {
				LastSwiftUpdateCheck = 0800;
				LastUpgradeCheck = 0800;
				ORGANIZATIONNAME = "brecht tanghe";
				TargetAttributes = {
					7369D9051DA11C88006876EB = {
						CreatedOnToolsVersion = 8.0;
						DevelopmentTeam = 4FCWN5MGN2;
						ProvisioningStyle = Automatic;
					};
				};
			};
			buildConfigurationList = 7369D9011DA11C88006876EB /* Build configuration list for PBXProject "Where Was I" */;
			compatibilityVersion = "Xcode 3.2";
			developmentRegion = English;
			hasScannedForEncodings = 0;
			knownRegions = (
				en,
				Base,
			);
			mainGroup = 7369D8FD1DA11C88006876EB;
			productRefGroup = 7369D9071DA11C88006876EB /* Products */;
			projectDirPath = "";
			projectRoot = "";
			targets = (
				7369D9051DA11C88006876EB /* Where Was I */,
			);
		};
/* End PBXProject section */

/* Begin PBXResourcesBuildPhase section */
		7369D9041DA11C88006876EB /* Resources */ = {
			isa = PBXResourcesBuildPhase;
			buildActionMask = 2147483647;
			files = (
				7369D9141DA11C88006876EB /* LaunchScreen.storyboard in Resources */,
				7369D9111DA11C88006876EB /* Assets.xcassets in Resources */,
				7369D90F1DA11C88006876EB /* Main.storyboard in Resources */,
			);
			runOnlyForDeploymentPostprocessing = 0;
		};
/* End PBXResourcesBuildPhase section */

/* Begin PBXSourcesBuildPhase section */
		7369D9021DA11C88006876EB /* Sources */ = {
			isa = PBXSourcesBuildPhase;
			buildActionMask = 2147483647;
			files = (
				7369D90C1DA11C88006876EB /* ViewController.swift in Sources */,
				7369D90A1DA11C88006876EB /* AppDelegate.swift in Sources */,
			);
			runOnlyForDeploymentPostprocessing = 0;
		};
/* End PBXSourcesBuildPhase section */

/* Begin PBXVariantGroup section */
		7369D90D1DA11C88006876EB /* Main.storyboard */ = {
			isa = PBXVariantGroup;
			children = (
				7369D90E1DA11C88006876EB /* Base */,
			);
			name = Main.storyboard;
			sourceTree = "<group>";
		};
		7369D9121DA11C88006876EB /* LaunchScreen.storyboard */ = {
			isa = PBXVariantGroup;
			children = (
				7369D9131DA11C88006876EB /* Base */,
			);
			name = LaunchScreen.storyboard;
			sourceTree = "<group>";
		};
/* End PBXVariantGroup section */

/* Begin XCBuildConfiguration section */
		7369D9161DA11C88006876EB /* Debug */ = {
			isa = XCBuildConfiguration;
			buildSettings = {
				ALWAYS_SEARCH_USER_PATHS = NO;
				CLANG_ANALYZER_NONNULL = YES;
				CLANG_CXX_LANGUAGE_STANDARD = "gnu++0x";
				CLANG_CXX_LIBRARY = "libc++";
				CLANG_ENABLE_MODULES = YES;
				CLANG_ENABLE_OBJC_ARC = YES;
				CLANG_WARN_BOOL_CONVERSION = YES;
				CLANG_WARN_CONSTANT_CONVERSION = YES;
				CLANG_WARN_DIRECT_OBJC_ISA_USAGE = YES_ERROR;
				CLANG_WARN_DOCUMENTATION_COMMENTS = YES;
				CLANG_WARN_EMPTY_BODY = YES;
				CLANG_WARN_ENUM_CONVERSION = YES;
				CLANG_WARN_INFINITE_RECURSION = YES;
				CLANG_WARN_INT_CONVERSION = YES;
				CLANG_WARN_OBJC_ROOT_CLASS = YES_ERROR;
				CLANG_WARN_SUSPICIOUS_MOVES = YES;
				CLANG_WARN_UNREACHABLE_CODE = YES;
				CLANG_WARN__DUPLICATE_METHOD_MATCH = YES;
				"CODE_SIGN_IDENTITY[sdk=iphoneos*]" = "iPhone Developer";
				COPY_PHASE_STRIP = NO;
				DEBUG_INFORMATION_FORMAT = dwarf;
				ENABLE_STRICT_OBJC_MSGSEND = YES;
				ENABLE_TESTABILITY = YES;
				GCC_C_LANGUAGE_STANDARD = gnu99;
				GCC_DYNAMIC_NO_PIC = NO;
				GCC_NO_COMMON_BLOCKS = YES;
				GCC_OPTIMIZATION_LEVEL = 0;
				GCC_PREPROCESSOR_DEFINITIONS = (
					"DEBUG=1",
					"$(inherited)",
				);
				GCC_WARN_64_TO_32_BIT_CONVERSION = YES;
				GCC_WARN_ABOUT_RETURN_TYPE = YES_ERROR;
				GCC_WARN_UNDECLARED_SELECTOR = YES;
				GCC_WARN_UNINITIALIZED_AUTOS = YES_AGGRESSIVE;
				GCC_WARN_UNUSED_FUNCTION = YES;
				GCC_WARN_UNUSED_VARIABLE = YES;
				IPHONEOS_DEPLOYMENT_TARGET = 10.0;
				MTL_ENABLE_DEBUG_INFO = YES;
				ONLY_ACTIVE_ARCH = YES;
				SDKROOT = iphoneos;
				SWIFT_ACTIVE_COMPILATION_CONDITIONS = DEBUG;
				SWIFT_OPTIMIZATION_LEVEL = "-Onone";
				TARGETED_DEVICE_FAMILY = "1,2";
			};
			name = Debug;
		};
		7369D9171DA11C88006876EB /* Release */ = {
			isa = XCBuildConfiguration;
			buildSettings = {
				ALWAYS_SEARCH_USER_PATHS = NO;
				CLANG_ANALYZER_NONNULL = YES;
				CLANG_CXX_LANGUAGE_STANDARD = "gnu++0x";
				CLANG_CXX_LIBRARY = "libc++";
				CLANG_ENABLE_MODULES = YES;
				CLANG_ENABLE_OBJC_ARC = YES;
				CLANG_WARN_BOOL_CONVERSION = YES;
				CLANG_WARN_CONSTANT_CONVERSION = YES;
				CLANG_WARN_DIRECT_OBJC_ISA_USAGE = YES_ERROR;
				CLANG_WARN_DOCUMENTATION_COMMENTS = YES;
				CLANG_WARN_EMPTY_BODY = YES;
				CLANG_WARN_ENUM_CONVERSION = YES;
				CLANG_WARN_INFINITE_RECURSION = YES;
				CLANG_WARN_INT_CONVERSION = YES;
				CLANG_WARN_OBJC_ROOT_CLASS = YES_ERROR;
				CLANG_WARN_SUSPICIOUS_MOVES = YES;
				CLANG_WARN_UNREACHABLE_CODE = YES;
				CLANG_WARN__DUPLICATE_METHOD_MATCH = YES;
				"CODE_SIGN_IDENTITY[sdk=iphoneos*]" = "iPhone Developer";
				COPY_PHASE_STRIP = NO;
				DEBUG_INFORMATION_FORMAT = "dwarf-with-dsym";
				ENABLE_NS_ASSERTIONS = NO;
				ENABLE_STRICT_OBJC_MSGSEND = YES;
				GCC_C_LANGUAGE_STANDARD = gnu99;
				GCC_NO_COMMON_BLOCKS = YES;
				GCC_WARN_64_TO_32_BIT_CONVERSION = YES;
				GCC_WARN_ABOUT_RETURN_TYPE = YES_ERROR;
				GCC_WARN_UNDECLARED_SELECTOR = YES;
				GCC_WARN_UNINITIALIZED_AUTOS = YES_AGGRESSIVE;
				GCC_WARN_UNUSED_FUNCTION = YES;
				GCC_WARN_UNUSED_VARIABLE = YES;
				IPHONEOS_DEPLOYMENT_TARGET = 10.0;
				MTL_ENABLE_DEBUG_INFO = NO;
				SDKROOT = iphoneos;
				SWIFT_OPTIMIZATION_LEVEL = "-Owholemodule";
				TARGETED_DEVICE_FAMILY = "1,2";
				VALIDATE_PRODUCT = YES;
			};
			name = Release;
		};
		7369D9191DA11C88006876EB /* Debug */ = {
			isa = XCBuildConfiguration;
			buildSettings = {
				ASSETCATALOG_COMPILER_APPICON_NAME = AppIcon;
				DEVELOPMENT_TEAM = 4FCWN5MGN2;
				INFOPLIST_FILE = "Where Was I/Info.plist";
				LD_RUNPATH_SEARCH_PATHS = "$(inherited) @executable_path/Frameworks";
				PRODUCT_BUNDLE_IDENTIFIER = "brecht.Where-Was-I";
				PRODUCT_NAME = "$(TARGET_NAME)";
				SWIFT_VERSION = 3.0;
			};
			name = Debug;
		};
		7369D91A1DA11C88006876EB /* Release */ = {
			isa = XCBuildConfiguration;
			buildSettings = {
				ASSETCATALOG_COMPILER_APPICON_NAME = AppIcon;
				DEVELOPMENT_TEAM = 4FCWN5MGN2;
				INFOPLIST_FILE = "Where Was I/Info.plist";
				LD_RUNPATH_SEARCH_PATHS = "$(inherited) @executable_path/Frameworks";
				PRODUCT_BUNDLE_IDENTIFIER = "brecht.Where-Was-I";
				PRODUCT_NAME = "$(TARGET_NAME)";
				SWIFT_VERSION = 3.0;
			};
			name = Release;
		};
/* End XCBuildConfiguration section */

/* Begin XCConfigurationList section */
		7369D9011DA11C88006876EB /* Build configuration list for PBXProject "Where Was I" */ = {
			isa = XCConfigurationList;
			buildConfigurations = (
				7369D9161DA11C88006876EB /* Debug */,
				7369D9171DA11C88006876EB /* Release */,
			);
			defaultConfigurationIsVisible = 0;
			defaultConfigurationName = Release;
		};
		7369D9181DA11C88006876EB /* Build configuration list for PBXNativeTarget "Where Was I" */ = {
			isa = XCConfigurationList;
			buildConfigurations = (
				7369D9191DA11C88006876EB /* Debug */,
				7369D91A1DA11C88006876EB /* Release */,
			);
			defaultConfigurationIsVisible = 0;
		};
/* End XCConfigurationList section */
	};
	rootObject = 7369D8FE1DA11C88006876EB /* Project object */;
}
